<?xml version="1.0" encoding="utf-8"?>
<Project ToolsVersion="4.0" xmlns="http://schemas.microsoft.com/developer/msbuild/2003">
  <ItemGroup>
    <Filter Include="Source Files">
      <UniqueIdentifier>{4FC737F1-C7A5-4376-A066-2A32D752A2FF}</UniqueIdentifier>
      <Extensions>cpp;c;cc;cxx;def;odl;idl;hpj;bat;asm;asmx</Extensions>
    </Filter>
    <Filter Include="Header Files">
      <UniqueIdentifier>{93995380-89BD-4b04-88EB-625FBE52EBFB}</UniqueIdentifier>
      <Extensions>h;hh;hpp;hxx;hm;inl;inc;xsd</Extensions>
    </Filter>
    <Filter Include="Resource Files">
      <UniqueIdentifier>{67DA6AB6-F800-4c08-8B7A-83BB121AAD01}</UniqueIdentifier>
      <Extensions>rc;ico;cur;bmp;dlg;rc2;rct;bin;rgs;gif;jpg;jpeg;jpe;resx;tiff;tif;png;wav;mfcribbon-ms</Extensions>
    </Filter>
  </ItemGroup>
  <ItemGroup>
    <ClCompile Include="..\src\common\shared\flash.c">
      <Filter>Source Files</Filter>
    </ClCompile>
    <ClCompile Include="..\src\common\shared\rand.c">
      <Filter>Source Files</Filter>
    </ClCompile>
    <ClCompile Include="..\src\common\shared\shared.c">
      <Filter>Source Files</Filter>
    </ClCompile>
    <ClCompile Include="..\src\game\g_ai.c">
      <Filter>Source Files</Filter>
    </ClCompile>
    <ClCompile Include="..\src\game\g_chase.c">
      <Filter>Source Files</Filter>
    </ClCompile>
    <ClCompile Include="..\src\game\g_cmds.c">
      <Filter>Source Files</Filter>
    </ClCompile>
    <ClCompile Include="..\src\game\g_combat.c">
      <Filter>Source Files</Filter>
    </ClCompile>
    <ClCompile Include="..\src\game\g_func.c">
      <Filter>Source Files</Filter>
    </ClCompile>
    <ClCompile Include="..\src\game\g_items.c">
      <Filter>Source Files</Filter>
    </ClCompile>
    <ClCompile Include="..\src\game\g_main.c">
      <Filter>Source Files</Filter>
    </ClCompile>
    <ClCompile Include="..\src\game\g_misc.c">
      <Filter>Source Files</Filter>
    </ClCompile>
    <ClCompile Include="..\src\game\g_monster.c">
      <Filter>Source Files</Filter>
    </ClCompile>
    <ClCompile Include="..\src\game\g_phys.c">
      <Filter>Source Files</Filter>
    </ClCompile>
    <ClCompile Include="..\src\game\g_spawn.c">
      <Filter>Source Files</Filter>
    </ClCompile>
    <ClCompile Include="..\src\game\g_svcmds.c">
      <Filter>Source Files</Filter>
    </ClCompile>
    <ClCompile Include="..\src\game\g_target.c">
      <Filter>Source Files</Filter>
    </ClCompile>
    <ClCompile Include="..\src\game\g_trigger.c">
      <Filter>Source Files</Filter>
    </ClCompile>
    <ClCompile Include="..\src\game\g_turret.c">
      <Filter>Source Files</Filter>
    </ClCompile>
    <ClCompile Include="..\src\game\g_utils.c">
      <Filter>Source Files</Filter>
    </ClCompile>
    <ClCompile Include="..\src\game\g_weapon.c">
      <Filter>Source Files</Filter>
    </ClCompile>
    <ClCompile Include="..\src\game\monster\berserker\berserker.c">
      <Filter>Source Files</Filter>
    </ClCompile>
    <ClCompile Include="..\src\game\monster\boss2\boss2.c">
      <Filter>Source Files</Filter>
    </ClCompile>
    <ClCompile Include="..\src\game\monster\boss3\boss3.c">
      <Filter>Source Files</Filter>
    </ClCompile>
    <ClCompile Include="..\src\game\monster\boss3\boss31.c">
      <Filter>Source Files</Filter>
    </ClCompile>
    <ClCompile Include="..\src\game\monster\boss3\boss32.c">
      <Filter>Source Files</Filter>
    </ClCompile>
    <ClCompile Include="..\src\game\monster\brain\brain.c">
      <Filter>Source Files</Filter>
    </ClCompile>
    <ClCompile Include="..\src\game\monster\chick\chick.c">
      <Filter>Source Files</Filter>
    </ClCompile>
    <ClCompile Include="..\src\game\monster\flipper\flipper.c">
      <Filter>Source Files</Filter>
    </ClCompile>
    <ClCompile Include="..\src\game\monster\float\float.c">
      <Filter>Source Files</Filter>
    </ClCompile>
    <ClCompile Include="..\src\game\monster\flyer\flyer.c">
      <Filter>Source Files</Filter>
    </ClCompile>
    <ClCompile Include="..\src\game\monster\gladiator\gladiator.c">
      <Filter>Source Files</Filter>
    </ClCompile>
    <ClCompile Include="..\src\game\monster\gunner\gunner.c">
      <Filter>Source Files</Filter>
    </ClCompile>
    <ClCompile Include="..\src\game\monster\hover\hover.c">
      <Filter>Source Files</Filter>
    </ClCompile>
    <ClCompile Include="..\src\game\monster\infantry\infantry.c">
      <Filter>Source Files</Filter>
    </ClCompile>
    <ClCompile Include="..\src\game\monster\insane\insane.c">
      <Filter>Source Files</Filter>
    </ClCompile>
    <ClCompile Include="..\src\game\monster\medic\medic.c">
      <Filter>Source Files</Filter>
    </ClCompile>
    <ClCompile Include="..\src\game\monster\misc\move.c">
      <Filter>Source Files</Filter>
    </ClCompile>
    <ClCompile Include="..\src\game\monster\mutant\mutant.c">
      <Filter>Source Files</Filter>
    </ClCompile>
    <ClCompile Include="..\src\game\monster\parasite\parasite.c">
      <Filter>Source Files</Filter>
    </ClCompile>
    <ClCompile Include="..\src\game\monster\soldier\soldier.c">
      <Filter>Source Files</Filter>
    </ClCompile>
    <ClCompile Include="..\src\game\monster\supertank\supertank.c">
      <Filter>Source Files</Filter>
    </ClCompile>
    <ClCompile Include="..\src\game\monster\tank\tank.c">
      <Filter>Source Files</Filter>
    </ClCompile>
    <ClCompile Include="..\src\game\player\client.c">
      <Filter>Source Files</Filter>
    </ClCompile>
    <ClCompile Include="..\src\game\player\hud.c">
      <Filter>Source Files</Filter>
    </ClCompile>
    <ClCompile Include="..\src\game\player\trail.c">
      <Filter>Source Files</Filter>
    </ClCompile>
    <ClCompile Include="..\src\game\player\view.c">
      <Filter>Source Files</Filter>
    </ClCompile>
    <ClCompile Include="..\src\game\player\weapon.c">
      <Filter>Source Files</Filter>
    </ClCompile>
    <ClCompile Include="..\src\game\savegame\savegame.c">
      <Filter>Source Files</Filter>
    </ClCompile>
  </ItemGroup>
  <ItemGroup>
    <ClInclude Include="..\src\game\header\game.h">
      <Filter>Header Files</Filter>
    </ClInclude>
    <ClInclude Include="..\src\game\header\local.h">
      <Filter>Header Files</Filter>
    </ClInclude>
    <ClInclude Include="..\src\game\monster\berserker\berserker.h">
      <Filter>Header Files</Filter>
    </ClInclude>
    <ClInclude Include="..\src\game\monster\boss2\boss2.h">
      <Filter>Header Files</Filter>
    </ClInclude>
    <ClInclude Include="..\src\game\monster\boss3\boss31.h">
      <Filter>Header Files</Filter>
    </ClInclude>
    <ClInclude Include="..\src\game\monster\boss3\boss32.h">
      <Filter>Header Files</Filter>
    </ClInclude>
    <ClInclude Include="..\src\game\monster\brain\brain.h">
      <Filter>Header Files</Filter>
    </ClInclude>
    <ClInclude Include="..\src\game\monster\chick\chick.h">
      <Filter>Header Files</Filter>
    </ClInclude>
    <ClInclude Include="..\src\game\monster\flipper\flipper.h">
      <Filter>Header Files</Filter>
    </ClInclude>
    <ClInclude Include="..\src\game\monster\float\float.h">
      <Filter>Header Files</Filter>
    </ClInclude>
    <ClInclude Include="..\src\game\monster\flyer\flyer.h">
      <Filter>Header Files</Filter>
    </ClInclude>
    <ClInclude Include="..\src\game\monster\gladiator\gladiator.h">
      <Filter>Header Files</Filter>
    </ClInclude>
    <ClInclude Include="..\src\game\monster\gunner\gunner.h">
      <Filter>Header Files</Filter>
    </ClInclude>
    <ClInclude Include="..\src\game\monster\hover\hover.h">
      <Filter>Header Files</Filter>
    </ClInclude>
    <ClInclude Include="..\src\game\monster\infantry\infantry.h">
      <Filter>Header Files</Filter>
    </ClInclude>
    <ClInclude Include="..\src\game\monster\insane\insane.h">
      <Filter>Header Files</Filter>
    </ClInclude>
    <ClInclude Include="..\src\game\monster\medic\medic.h">
      <Filter>Header Files</Filter>
    </ClInclude>
    <ClInclude Include="..\src\game\monster\misc\player.h">
      <Filter>Header Files</Filter>
    </ClInclude>
    <ClInclude Include="..\src\game\monster\mutant\mutant.h">
      <Filter>Header Files</Filter>
    </ClInclude>
    <ClInclude Include="..\src\game\monster\parasite\parasite.h">
      <Filter>Header Files</Filter>
    </ClInclude>
    <ClInclude Include="..\src\game\monster\soldier\soldier.h">
      <Filter>Header Files</Filter>
    </ClInclude>
    <ClInclude Include="..\src\game\monster\supertank\supertank.h">
      <Filter>Header Files</Filter>
    </ClInclude>
    <ClInclude Include="..\src\game\monster\tank\tank.h">
      <Filter>Header Files</Filter>
    </ClInclude>
    <ClInclude Include="..\src\game\savegame\tables\clientfields.h">
      <Filter>Header Files</Filter>
    </ClInclude>
    <ClInclude Include="..\src\game\savegame\tables\fields.h">
      <Filter>Header Files</Filter>
    </ClInclude>
    <ClInclude Include="..\src\game\savegame\tables\gamefunc_decs.h">
      <Filter>Header Files</Filter>
    </ClInclude>
    <ClInclude Include="..\src\game\savegame\tables\gamefunc_list.h">
      <Filter>Header Files</Filter>
    </ClInclude>
    <ClInclude Include="..\src\game\savegame\tables\gamemmove_decs.h">
      <Filter>Header Files</Filter>
    </ClInclude>
    <ClInclude Include="..\src\game\savegame\tables\gamemmove_list.h">
      <Filter>Header Files</Filter>
    </ClInclude>
    <ClInclude Include="..\src\game\savegame\tables\levelfields.h">
      <Filter>Header Files</Filter>
    </ClInclude>
  </ItemGroup>
</Project>