<?xml version="1.0" encoding="utf-8"?>
<Project ToolsVersion="4.0" xmlns="http://schemas.microsoft.com/developer/msbuild/2003">
  <ItemGroup>
    <Filter Include="Source Files">
      <UniqueIdentifier>{4FC737F1-C7A5-4376-A066-2A32D752A2FF}</UniqueIdentifier>
      <Extensions>cpp;c;cc;cxx;def;odl;idl;hpj;bat;asm;asmx</Extensions>
    </Filter>
    <Filter Include="Header Files">
      <UniqueIdentifier>{93995380-89BD-4b04-88EB-625FBE52EBFB}</UniqueIdentifier>
      <Extensions>h;hh;hpp;hxx;hm;inl;inc;xsd</Extensions>
    </Filter>
    <Filter Include="Resource Files">
      <UniqueIdentifier>{67DA6AB6-F800-4c08-8B7A-83BB121AAD01}</UniqueIdentifier>
      <Extensions>rc;ico;cur;bmp;dlg;rc2;rct;bin;rgs;gif;jpg;jpeg;jpe;resx;tiff;tif;png;wav;mfcribbon-ms</Extensions>
    </Filter>
    <Filter Include="Shader Files">
      <UniqueIdentifier>{71e98a47-b07d-4c3a-999a-885b85fe60d6}</UniqueIdentifier>
      <Extensions>frag;vert;geom;tcs;tes;comp</Extensions>
    </Filter>
    <Filter Include="Shader Files\2D">
      <UniqueIdentifier>{2c942e46-0e20-4a89-a9f6-d22c60916d62}</UniqueIdentifier>
    </Filter>
    <Filter Include="Shader Files\Common">
      <UniqueIdentifier>{6651dc43-d3fc-4639-b236-005cafe24518}</UniqueIdentifier>
    </Filter>
    <Filter Include="Shader Files\Brush">
      <UniqueIdentifier>{35beb117-6449-4eaa-ac50-c8e1b2456695}</UniqueIdentifier>
    </Filter>
    <Filter Include="Shader Files\Alias">
      <UniqueIdentifier>{d3505415-f5c1-4449-bcee-1c74fbaca238}</UniqueIdentifier>
    </Filter>
    <Filter Include="Shader Files\Effects">
      <UniqueIdentifier>{f19e3c9f-a4b0-44fb-bf37-ac86684fa5d7}</UniqueIdentifier>
    </Filter>
  </ItemGroup>
  <ItemGroup>
    <ClCompile Include="..\src\client\refresh\gl3\gl3_draw.c">
      <Filter>Source Files</Filter>
    </ClCompile>
    <ClCompile Include="..\src\client\refresh\gl3\gl3_image.c">
      <Filter>Source Files</Filter>
    </ClCompile>
    <ClCompile Include="..\src\client\refresh\gl3\gl3_light.c">
      <Filter>Source Files</Filter>
    </ClCompile>
    <ClCompile Include="..\src\client\refresh\gl3\gl3_lightmap.c">
      <Filter>Source Files</Filter>
    </ClCompile>
    <ClCompile Include="..\src\client\refresh\gl3\gl3_main.c">
      <Filter>Source Files</Filter>
    </ClCompile>
    <ClCompile Include="..\src\client\refresh\gl3\gl3_md2.c">
      <Filter>Source Files</Filter>
    </ClCompile>
    <ClCompile Include="..\src\client\refresh\gl3\gl3_mesh.c">
      <Filter>Source Files</Filter>
    </ClCompile>
    <ClCompile Include="..\src\client\refresh\gl3\gl3_misc.c">
      <Filter>Source Files</Filter>
    </ClCompile>
    <ClCompile Include="..\src\client\refresh\gl3\gl3_model.c">
      <Filter>Source Files</Filter>
    </ClCompile>
    <ClCompile Include="..\src\client\refresh\gl3\gl3_sdl.c">
      <Filter>Source Files</Filter>
    </ClCompile>
    <ClCompile Include="..\src\client\refresh\gl3\gl3_shaders.c">
      <Filter>Source Files</Filter>
    </ClCompile>
    <ClCompile Include="..\src\client\refresh\gl3\gl3_sp2.c">
      <Filter>Source Files</Filter>
    </ClCompile>
    <ClCompile Include="..\src\client\refresh\gl3\gl3_surf.c">
      <Filter>Source Files</Filter>
    </ClCompile>
    <ClCompile Include="..\src\client\refresh\gl3\gl3_warp.c">
      <Filter>Source Files</Filter>
    </ClCompile>
    <ClCompile Include="..\src\client\refresh\gl3\glad\src\glad.c">
      <Filter>Source Files</Filter>
    </ClCompile>
    <ClCompile Include="..\src\client\refresh\files\pcx.c">
      <Filter>Source Files</Filter>
    </ClCompile>
    <ClCompile Include="..\src\client\refresh\files\stb.c">
      <Filter>Source Files</Filter>
    </ClCompile>
    <ClCompile Include="..\src\client\refresh\files\wal.c">
      <Filter>Source Files</Filter>
    </ClCompile>
    <ClCompile Include="..\src\common\shared\shared.c">
      <Filter>Source Files</Filter>
    </ClCompile>
    <ClCompile Include="..\src\common\md4.c">
      <Filter>Source Files</Filter>
    </ClCompile>
    <ClCompile Include="..\src\backends\windows\shared\mem.c">
      <Filter>Source Files</Filter>
    </ClCompile>
    <ClCompile Include="..\src\client\refresh\gl3\shaders\3Dlm.tesc">
      <Filter>Shader Files\Brush</Filter>
    </ClCompile>
  </ItemGroup>
  <ItemGroup>
    <ClInclude Include="..\src\common\header\shared.h">
      <Filter>Header Files</Filter>
    </ClInclude>
    <ClInclude Include="..\src\client\refresh\ref_shared.h">
      <Filter>Header Files</Filter>
    </ClInclude>
    <ClInclude Include="..\src\client\refresh\constants\anorms.h">
      <Filter>Header Files</Filter>
    </ClInclude>
    <ClInclude Include="..\src\client\refresh\constants\anormtab.h">
      <Filter>Header Files</Filter>
    </ClInclude>
    <ClInclude Include="..\src\client\refresh\constants\warpsin.h">
      <Filter>Header Files</Filter>
    </ClInclude>
    <ClInclude Include="..\src\client\refresh\files\stb_image.h">
      <Filter>Header Files</Filter>
    </ClInclude>
    <ClInclude Include="..\src\client\refresh\gl3\glad\include\glad\glad.h">
      <Filter>Header Files</Filter>
    </ClInclude>
    <ClInclude Include="..\src\client\refresh\gl3\glad\include\KHR\khrplatform.h">
      <Filter>Header Files</Filter>
    </ClInclude>
    <ClInclude Include="..\src\client\refresh\gl3\header\DG_dynarr.h">
      <Filter>Header Files</Filter>
    </ClInclude>
    <ClInclude Include="..\src\client\refresh\gl3\header\HandmadeMath.h">
      <Filter>Header Files</Filter>
    </ClInclude>
    <ClInclude Include="..\src\client\refresh\gl3\header\local.h">
      <Filter>Header Files</Filter>
    </ClInclude>
    <ClInclude Include="..\src\client\refresh\gl3\header\model.h">
      <Filter>Header Files</Filter>
    </ClInclude>
    <ClInclude Include="..\src\client\refresh\gl3\shaders\glsl.h">
      <Filter>Shader Files</Filter>
    </ClInclude>
    <ClInclude Include="..\src\client\refresh\gl3\shaders\2d.vert">
      <Filter>Shader Files\2D</Filter>
    </ClInclude>
    <ClInclude Include="..\src\client\refresh\gl3\shaders\2darray.frag">
      <Filter>Shader Files\2D</Filter>
    </ClInclude>
    <ClInclude Include="..\src\client\refresh\gl3\shaders\2Dcolor.frag">
      <Filter>Shader Files\2D</Filter>
    </ClInclude>
    <ClInclude Include="..\src\client\refresh\gl3\shaders\2Dcolor.vert">
      <Filter>Shader Files\2D</Filter>
    </ClInclude>
    <ClInclude Include="..\src\client\refresh\gl3\shaders\3D.frag">
      <Filter>Shader Files\Brush</Filter>
    </ClInclude>
    <ClInclude Include="..\src\client\refresh\gl3\shaders\3Dcolor.frag">
      <Filter>Shader Files\Brush</Filter>
    </ClInclude>
    <ClInclude Include="..\src\client\refresh\gl3\shaders\3Dlm.frag">
      <Filter>Shader Files\Brush</Filter>
    </ClInclude>
    <ClInclude Include="..\src\client\refresh\gl3\shaders\3Dlm.geom">
      <Filter>Shader Files\Brush</Filter>
    </ClInclude>
    <ClInclude Include="..\src\client\refresh\gl3\shaders\3Dsky.frag">
      <Filter>Shader Files\Brush</Filter>
    </ClInclude>
    <ClInclude Include="..\src\client\refresh\gl3\shaders\3Dsprite.frag">
      <Filter>Shader Files\Alias</Filter>
    </ClInclude>
    <ClInclude Include="..\src\client\refresh\gl3\shaders\3DspriteAlpha.frag">
      <Filter>Shader Files\Alias</Filter>
    </ClInclude>
    <ClInclude Include="..\src\client\refresh\gl3\shaders\3Dwater.frag">
      <Filter>Shader Files\Brush</Filter>
    </ClInclude>
    <ClInclude Include="..\src\client\refresh\gl3\shaders\Alias.frag">
      <Filter>Shader Files\Alias</Filter>
    </ClInclude>
    <ClInclude Include="..\src\client\refresh\gl3\shaders\Alias.geom">
      <Filter>Shader Files\Alias</Filter>
    </ClInclude>
    <ClInclude Include="..\src\client\refresh\gl3\shaders\Common3D.frag">
      <Filter>Shader Files\Common</Filter>
    </ClInclude>
    <ClInclude Include="..\src\client\refresh\gl3\shaders\Alias.vert">
      <Filter>Shader Files\Alias</Filter>
    </ClInclude>
    <ClInclude Include="..\src\client\refresh\gl3\shaders\AliasColor.frag">
      <Filter>Shader Files\Alias</Filter>
    </ClInclude>
    <ClInclude Include="..\src\client\refresh\gl3\shaders\Common3D.vert">
      <Filter>Shader Files\Common</Filter>
    </ClInclude>
    <ClInclude Include="..\src\client\refresh\gl3\shaders\Particles.frag">
      <Filter>Shader Files\Effects</Filter>
    </ClInclude>
    <ClInclude Include="..\src\client\refresh\gl3\shaders\Particles.vert">
      <Filter>Shader Files\Effects</Filter>
    </ClInclude>
    <ClInclude Include="..\src\client\refresh\gl3\shaders\ParticlesSquare.frag">
      <Filter>Shader Files\Effects</Filter>
    </ClInclude>
    <ClInclude Include="..\src\client\refresh\gl3\shaders\3D.vert">
      <Filter>Shader Files\Brush</Filter>
    </ClInclude>
    <ClInclude Include="..\src\client\refresh\gl3\shaders\Common.glsl">
      <Filter>Shader Files\Common</Filter>
    </ClInclude>
    <ClInclude Include="..\src\client\refresh\gl3\shaders\3Dlm.vert">
      <Filter>Shader Files\Brush</Filter>
    </ClInclude>
  </ItemGroup>
  <ItemGroup>
    <None Include="..\src\client\refresh\gl3\shaders\2d.frag">
      <Filter>Shader Files\2D</Filter>
    </None>
    <None Include="..\src\client\refresh\gl3\shaders\3D.geom">
      <Filter>Shader Files\Brush</Filter>
    </None>
    <None Include="..\src\client\refresh\gl3\shaders\Common3D.geom">
      <Filter>Shader Files\Common</Filter>
    </None>
    <None Include="..\src\client\refresh\gl3\shaders\3Dlm.tese">
      <Filter>Shader Files\Brush</Filter>
    </None>
    <None Include="..\src\client\refresh\gl3\shaders\Particles.geom">
      <Filter>Shader Files\Effects</Filter>
    </None>
    <None Include="..\src\client\refresh\gl3\shaders\3Dskycube.frag">
      <Filter>Shader Files\Brush</Filter>
    </None>
    <None Include="..\src\client\refresh\gl3\shaders\3Dcolor.vert">
      <Filter>Shader Files\Brush</Filter>
    </None>
    <None Include="..\src\client\refresh\gl3\shaders\3Dcolor.tese">
      <Filter>Shader Files\Brush</Filter>
    </None>
    <None Include="..\src\client\refresh\gl3\shaders\3Dcolor.tesc">
      <Filter>Shader Files\Brush</Filter>
    </None>
    <None Include="..\src\client\refresh\gl3\shaders\bumpmap.comp">
      <Filter>Shader Files\Brush</Filter>
    </None>
  </ItemGroup>
</Project>