
Microsoft Visual Studio Solution File, Format Version 12.00
# Visual Studio 15
VisualStudioVersion = 15.0.27130.2027
MinimumVisualStudioVersion = 10.0.40219.1
Project("{8BC9CEB8-8B4A-11D0-8D11-00A0C91BC942}") = "yquake2", "yquake2.vcxproj", "{846FFA24-F2B6-49DB-90E8-9B19D4F97FC4}"
	ProjectSection(ProjectDependencies) = postProject
		{745DEC58-EBB3-47A9-A9B8-4C6627C01BF8} = {745DEC58-EBB3-47A9-A9B8-4C6627C01BF8}
	EndProjectSection
EndProject
Project("{8BC9CEB8-8B4A-11D0-8D11-00A0C91BC942}") = "zlibstat", "..\src\zlib-1.2.11\contrib\vstudio\vc14\zlibstat.vcxproj", "{745DEC58-EBB3-47A9-A9B8-4C6627C01BF8}"
EndProject
Project("{8BC9CEB8-8B4A-11D0-8D11-00A0C91BC942}") = "ref_gl3", "ref_gl3.vcxproj", "{A6861DEC-4E60-44A4-98A8-F03DEC75BE6B}"
EndProject
Project("{8BC9CEB8-8B4A-11D0-8D11-00A0C91BC942}") = "libogg_static", "..\src\libogg-1.3.2\win32\VS2010\libogg_static.vcxproj", "{15CBFEFF-7965-41F5-B4E2-21E8795C9159}"
EndProject
Project("{8BC9CEB8-8B4A-11D0-8D11-00A0C91BC942}") = "libvorbis_static", "..\src\libvorbis-1.3.5\win32\VS2010\libvorbis\libvorbis_static.vcxproj", "{3A214E06-B95E-4D61-A291-1F8DF2EC10FD}"
EndProject
Project("{8BC9CEB8-8B4A-11D0-8D11-00A0C91BC942}") = "libvorbisfile", "..\src\libvorbis-1.3.5\win32\VS2010\libvorbisfile\libvorbisfile_static.vcxproj", "{CEBDE98B-A6AA-46E6-BC79-FAAF823DB9EC}"
EndProject
Project("{8BC9CEB8-8B4A-11D0-8D11-00A0C91BC942}") = "game", "game.vcxproj", "{DB528B4F-776F-4C5F-91FD-C0D478FE3349}"
EndProject
Project("{8BC9CEB8-8B4A-11D0-8D11-00A0C91BC942}") = "ref_gl1", "ref_gl1.vcxproj", "{527DDA59-DBAA-4BBE-825A-1F3D5DD3FD92}"
EndProject
Global
	GlobalSection(SolutionConfigurationPlatforms) = preSolution
		Debug|Any CPU = Debug|Any CPU
		Debug|Itanium = Debug|Itanium
		Debug|x64 = Debug|x64
		Debug|x86 = Debug|x86
		Release|Any CPU = Release|Any CPU
		Release|Itanium = Release|Itanium
		Release|x64 = Release|x64
		Release|x86 = Release|x86
		ReleaseWithoutAsm|Any CPU = ReleaseWithoutAsm|Any CPU
		ReleaseWithoutAsm|Itanium = ReleaseWithoutAsm|Itanium
		ReleaseWithoutAsm|x64 = ReleaseWithoutAsm|x64
		ReleaseWithoutAsm|x86 = ReleaseWithoutAsm|x86
	EndGlobalSection
	GlobalSection(ProjectConfigurationPlatforms) = postSolution
		{846FFA24-F2B6-49DB-90E8-9B19D4F97FC4}.Debug|Any CPU.ActiveCfg = Debug|Win32
		{846FFA24-F2B6-49DB-90E8-9B19D4F97FC4}.Debug|Itanium.ActiveCfg = Debug|Win32
		{846FFA24-F2B6-49DB-90E8-9B19D4F97FC4}.Debug|x64.ActiveCfg = Debug|x64
		{846FFA24-F2B6-49DB-90E8-9B19D4F97FC4}.Debug|x64.Build.0 = Debug|x64
		{846FFA24-F2B6-49DB-90E8-9B19D4F97FC4}.Debug|x86.ActiveCfg = Debug|Win32
		{846FFA24-F2B6-49DB-90E8-9B19D4F97FC4}.Debug|x86.Build.0 = Debug|Win32
		{846FFA24-F2B6-49DB-90E8-9B19D4F97FC4}.Debug|x86.Deploy.0 = Debug|Win32
		{846FFA24-F2B6-49DB-90E8-9B19D4F97FC4}.Release|Any CPU.ActiveCfg = Release|Win32
		{846FFA24-F2B6-49DB-90E8-9B19D4F97FC4}.Release|Itanium.ActiveCfg = Release|Win32
		{846FFA24-F2B6-49DB-90E8-9B19D4F97FC4}.Release|x64.ActiveCfg = Release|x64
		{846FFA24-F2B6-49DB-90E8-9B19D4F97FC4}.Release|x64.Build.0 = Release|x64
		{846FFA24-F2B6-49DB-90E8-9B19D4F97FC4}.Release|x86.ActiveCfg = Release|Win32
		{846FFA24-F2B6-49DB-90E8-9B19D4F97FC4}.Release|x86.Build.0 = Release|Win32
		{846FFA24-F2B6-49DB-90E8-9B19D4F97FC4}.ReleaseWithoutAsm|Any CPU.ActiveCfg = Release|x64
		{846FFA24-F2B6-49DB-90E8-9B19D4F97FC4}.ReleaseWithoutAsm|Any CPU.Build.0 = Release|x64
		{846FFA24-F2B6-49DB-90E8-9B19D4F97FC4}.ReleaseWithoutAsm|Any CPU.Deploy.0 = Release|x64
		{846FFA24-F2B6-49DB-90E8-9B19D4F97FC4}.ReleaseWithoutAsm|Itanium.ActiveCfg = Release|x64
		{846FFA24-F2B6-49DB-90E8-9B19D4F97FC4}.ReleaseWithoutAsm|Itanium.Build.0 = Release|x64
		{846FFA24-F2B6-49DB-90E8-9B19D4F97FC4}.ReleaseWithoutAsm|x64.ActiveCfg = Release|x64
		{846FFA24-F2B6-49DB-90E8-9B19D4F97FC4}.ReleaseWithoutAsm|x64.Build.0 = Release|x64
		{846FFA24-F2B6-49DB-90E8-9B19D4F97FC4}.ReleaseWithoutAsm|x86.ActiveCfg = Release|Win32
		{846FFA24-F2B6-49DB-90E8-9B19D4F97FC4}.ReleaseWithoutAsm|x86.Build.0 = Release|Win32
		{745DEC58-EBB3-47A9-A9B8-4C6627C01BF8}.Debug|Any CPU.ActiveCfg = Debug|Win32
		{745DEC58-EBB3-47A9-A9B8-4C6627C01BF8}.Debug|Itanium.ActiveCfg = Debug|Itanium
		{745DEC58-EBB3-47A9-A9B8-4C6627C01BF8}.Debug|Itanium.Build.0 = Debug|Itanium
		{745DEC58-EBB3-47A9-A9B8-4C6627C01BF8}.Debug|x64.ActiveCfg = Debug|x64
		{745DEC58-EBB3-47A9-A9B8-4C6627C01BF8}.Debug|x64.Build.0 = Debug|x64
		{745DEC58-EBB3-47A9-A9B8-4C6627C01BF8}.Debug|x86.ActiveCfg = Debug|Win32
		{745DEC58-EBB3-47A9-A9B8-4C6627C01BF8}.Debug|x86.Build.0 = Debug|Win32
		{745DEC58-EBB3-47A9-A9B8-4C6627C01BF8}.Release|Any CPU.ActiveCfg = Release|Win32
		{745DEC58-EBB3-47A9-A9B8-4C6627C01BF8}.Release|Itanium.ActiveCfg = Release|Itanium
		{745DEC58-EBB3-47A9-A9B8-4C6627C01BF8}.Release|Itanium.Build.0 = Release|Itanium
		{745DEC58-EBB3-47A9-A9B8-4C6627C01BF8}.Release|x64.ActiveCfg = ReleaseWithoutAsm|x64
		{745DEC58-EBB3-47A9-A9B8-4C6627C01BF8}.Release|x64.Build.0 = ReleaseWithoutAsm|x64
		{745DEC58-EBB3-47A9-A9B8-4C6627C01BF8}.Release|x86.ActiveCfg = Release|Win32
		{745DEC58-EBB3-47A9-A9B8-4C6627C01BF8}.Release|x86.Build.0 = Release|Win32
		{745DEC58-EBB3-47A9-A9B8-4C6627C01BF8}.ReleaseWithoutAsm|Any CPU.ActiveCfg = ReleaseWithoutAsm|Win32
		{745DEC58-EBB3-47A9-A9B8-4C6627C01BF8}.ReleaseWithoutAsm|Itanium.ActiveCfg = ReleaseWithoutAsm|Itanium
		{745DEC58-EBB3-47A9-A9B8-4C6627C01BF8}.ReleaseWithoutAsm|Itanium.Build.0 = ReleaseWithoutAsm|Itanium
		{745DEC58-EBB3-47A9-A9B8-4C6627C01BF8}.ReleaseWithoutAsm|x64.ActiveCfg = ReleaseWithoutAsm|x64
		{745DEC58-EBB3-47A9-A9B8-4C6627C01BF8}.ReleaseWithoutAsm|x64.Build.0 = ReleaseWithoutAsm|x64
		{745DEC58-EBB3-47A9-A9B8-4C6627C01BF8}.ReleaseWithoutAsm|x86.ActiveCfg = ReleaseWithoutAsm|Win32
		{745DEC58-EBB3-47A9-A9B8-4C6627C01BF8}.ReleaseWithoutAsm|x86.Build.0 = ReleaseWithoutAsm|Win32
		{A6861DEC-4E60-44A4-98A8-F03DEC75BE6B}.Debug|Any CPU.ActiveCfg = Debug|Win32
		{A6861DEC-4E60-44A4-98A8-F03DEC75BE6B}.Debug|Itanium.ActiveCfg = Debug|Win32
		{A6861DEC-4E60-44A4-98A8-F03DEC75BE6B}.Debug|x64.ActiveCfg = Debug|x64
		{A6861DEC-4E60-44A4-98A8-F03DEC75BE6B}.Debug|x64.Build.0 = Debug|x64
		{A6861DEC-4E60-44A4-98A8-F03DEC75BE6B}.Debug|x86.ActiveCfg = Debug|Win32
		{A6861DEC-4E60-44A4-98A8-F03DEC75BE6B}.Debug|x86.Build.0 = Debug|Win32
		{A6861DEC-4E60-44A4-98A8-F03DEC75BE6B}.Debug|x86.Deploy.0 = Debug|Win32
		{A6861DEC-4E60-44A4-98A8-F03DEC75BE6B}.Release|Any CPU.ActiveCfg = Release|Win32
		{A6861DEC-4E60-44A4-98A8-F03DEC75BE6B}.Release|Itanium.ActiveCfg = Release|Win32
		{A6861DEC-4E60-44A4-98A8-F03DEC75BE6B}.Release|x64.ActiveCfg = Release|x64
		{A6861DEC-4E60-44A4-98A8-F03DEC75BE6B}.Release|x64.Build.0 = Release|x64
		{A6861DEC-4E60-44A4-98A8-F03DEC75BE6B}.Release|x86.ActiveCfg = Release|Win32
		{A6861DEC-4E60-44A4-98A8-F03DEC75BE6B}.Release|x86.Build.0 = Release|Win32
		{A6861DEC-4E60-44A4-98A8-F03DEC75BE6B}.ReleaseWithoutAsm|Any CPU.ActiveCfg = Release|x64
		{A6861DEC-4E60-44A4-98A8-F03DEC75BE6B}.ReleaseWithoutAsm|Any CPU.Build.0 = Release|x64
		{A6861DEC-4E60-44A4-98A8-F03DEC75BE6B}.ReleaseWithoutAsm|Any CPU.Deploy.0 = Release|x64
		{A6861DEC-4E60-44A4-98A8-F03DEC75BE6B}.ReleaseWithoutAsm|Itanium.ActiveCfg = Release|x64
		{A6861DEC-4E60-44A4-98A8-F03DEC75BE6B}.ReleaseWithoutAsm|Itanium.Build.0 = Release|x64
		{A6861DEC-4E60-44A4-98A8-F03DEC75BE6B}.ReleaseWithoutAsm|x64.ActiveCfg = Release|x64
		{A6861DEC-4E60-44A4-98A8-F03DEC75BE6B}.ReleaseWithoutAsm|x64.Build.0 = Release|x64
		{A6861DEC-4E60-44A4-98A8-F03DEC75BE6B}.ReleaseWithoutAsm|x86.ActiveCfg = Release|Win32
		{A6861DEC-4E60-44A4-98A8-F03DEC75BE6B}.ReleaseWithoutAsm|x86.Build.0 = Release|Win32
		{15CBFEFF-7965-41F5-B4E2-21E8795C9159}.Debug|Any CPU.ActiveCfg = Debug|Win32
		{15CBFEFF-7965-41F5-B4E2-21E8795C9159}.Debug|Itanium.ActiveCfg = Debug|Win32
		{15CBFEFF-7965-41F5-B4E2-21E8795C9159}.Debug|x64.ActiveCfg = Debug|x64
		{15CBFEFF-7965-41F5-B4E2-21E8795C9159}.Debug|x64.Build.0 = Debug|x64
		{15CBFEFF-7965-41F5-B4E2-21E8795C9159}.Debug|x86.ActiveCfg = Debug|Win32
		{15CBFEFF-7965-41F5-B4E2-21E8795C9159}.Debug|x86.Build.0 = Debug|Win32
		{15CBFEFF-7965-41F5-B4E2-21E8795C9159}.Release|Any CPU.ActiveCfg = Release|Win32
		{15CBFEFF-7965-41F5-B4E2-21E8795C9159}.Release|Itanium.ActiveCfg = Release|Win32
		{15CBFEFF-7965-41F5-B4E2-21E8795C9159}.Release|x64.ActiveCfg = Release|x64
		{15CBFEFF-7965-41F5-B4E2-21E8795C9159}.Release|x64.Build.0 = Release|x64
		{15CBFEFF-7965-41F5-B4E2-21E8795C9159}.Release|x86.ActiveCfg = Release|Win32
		{15CBFEFF-7965-41F5-B4E2-21E8795C9159}.Release|x86.Build.0 = Release|Win32
		{15CBFEFF-7965-41F5-B4E2-21E8795C9159}.ReleaseWithoutAsm|Any CPU.ActiveCfg = Release|x64
		{15CBFEFF-7965-41F5-B4E2-21E8795C9159}.ReleaseWithoutAsm|Any CPU.Build.0 = Release|x64
		{15CBFEFF-7965-41F5-B4E2-21E8795C9159}.ReleaseWithoutAsm|Itanium.ActiveCfg = Release|x64
		{15CBFEFF-7965-41F5-B4E2-21E8795C9159}.ReleaseWithoutAsm|Itanium.Build.0 = Release|x64
		{15CBFEFF-7965-41F5-B4E2-21E8795C9159}.ReleaseWithoutAsm|x64.ActiveCfg = Release|x64
		{15CBFEFF-7965-41F5-B4E2-21E8795C9159}.ReleaseWithoutAsm|x64.Build.0 = Release|x64
		{15CBFEFF-7965-41F5-B4E2-21E8795C9159}.ReleaseWithoutAsm|x86.ActiveCfg = Release|Win32
		{15CBFEFF-7965-41F5-B4E2-21E8795C9159}.ReleaseWithoutAsm|x86.Build.0 = Release|Win32
		{3A214E06-B95E-4D61-A291-1F8DF2EC10FD}.Debug|Any CPU.ActiveCfg = Debug|Win32
		{3A214E06-B95E-4D61-A291-1F8DF2EC10FD}.Debug|Itanium.ActiveCfg = Debug|Win32
		{3A214E06-B95E-4D61-A291-1F8DF2EC10FD}.Debug|x64.ActiveCfg = Debug|x64
		{3A214E06-B95E-4D61-A291-1F8DF2EC10FD}.Debug|x64.Build.0 = Debug|x64
		{3A214E06-B95E-4D61-A291-1F8DF2EC10FD}.Debug|x86.ActiveCfg = Debug|Win32
		{3A214E06-B95E-4D61-A291-1F8DF2EC10FD}.Debug|x86.Build.0 = Debug|Win32
		{3A214E06-B95E-4D61-A291-1F8DF2EC10FD}.Release|Any CPU.ActiveCfg = Release|Win32
		{3A214E06-B95E-4D61-A291-1F8DF2EC10FD}.Release|Itanium.ActiveCfg = Release|Win32
		{3A214E06-B95E-4D61-A291-1F8DF2EC10FD}.Release|x64.ActiveCfg = Release|x64
		{3A214E06-B95E-4D61-A291-1F8DF2EC10FD}.Release|x64.Build.0 = Release|x64
		{3A214E06-B95E-4D61-A291-1F8DF2EC10FD}.Release|x86.ActiveCfg = Release|Win32
		{3A214E06-B95E-4D61-A291-1F8DF2EC10FD}.Release|x86.Build.0 = Release|Win32
		{3A214E06-B95E-4D61-A291-1F8DF2EC10FD}.ReleaseWithoutAsm|Any CPU.ActiveCfg = Release|x64
		{3A214E06-B95E-4D61-A291-1F8DF2EC10FD}.ReleaseWithoutAsm|Any CPU.Build.0 = Release|x64
		{3A214E06-B95E-4D61-A291-1F8DF2EC10FD}.ReleaseWithoutAsm|Itanium.ActiveCfg = Release|x64
		{3A214E06-B95E-4D61-A291-1F8DF2EC10FD}.ReleaseWithoutAsm|Itanium.Build.0 = Release|x64
		{3A214E06-B95E-4D61-A291-1F8DF2EC10FD}.ReleaseWithoutAsm|x64.ActiveCfg = Release|x64
		{3A214E06-B95E-4D61-A291-1F8DF2EC10FD}.ReleaseWithoutAsm|x64.Build.0 = Release|x64
		{3A214E06-B95E-4D61-A291-1F8DF2EC10FD}.ReleaseWithoutAsm|x86.ActiveCfg = Release|Win32
		{3A214E06-B95E-4D61-A291-1F8DF2EC10FD}.ReleaseWithoutAsm|x86.Build.0 = Release|Win32
		{CEBDE98B-A6AA-46E6-BC79-FAAF823DB9EC}.Debug|Any CPU.ActiveCfg = Debug|Win32
		{CEBDE98B-A6AA-46E6-BC79-FAAF823DB9EC}.Debug|Itanium.ActiveCfg = Debug|Win32
		{CEBDE98B-A6AA-46E6-BC79-FAAF823DB9EC}.Debug|x64.ActiveCfg = Debug|x64
		{CEBDE98B-A6AA-46E6-BC79-FAAF823DB9EC}.Debug|x64.Build.0 = Debug|x64
		{CEBDE98B-A6AA-46E6-BC79-FAAF823DB9EC}.Debug|x86.ActiveCfg = Debug|Win32
		{CEBDE98B-A6AA-46E6-BC79-FAAF823DB9EC}.Debug|x86.Build.0 = Debug|Win32
		{CEBDE98B-A6AA-46E6-BC79-FAAF823DB9EC}.Release|Any CPU.ActiveCfg = Release|Win32
		{CEBDE98B-A6AA-46E6-BC79-FAAF823DB9EC}.Release|Itanium.ActiveCfg = Release|Win32
		{CEBDE98B-A6AA-46E6-BC79-FAAF823DB9EC}.Release|x64.ActiveCfg = Release|x64
		{CEBDE98B-A6AA-46E6-BC79-FAAF823DB9EC}.Release|x64.Build.0 = Release|x64
		{CEBDE98B-A6AA-46E6-BC79-FAAF823DB9EC}.Release|x86.ActiveCfg = Release|Win32
		{CEBDE98B-A6AA-46E6-BC79-FAAF823DB9EC}.Release|x86.Build.0 = Release|Win32
		{CEBDE98B-A6AA-46E6-BC79-FAAF823DB9EC}.ReleaseWithoutAsm|Any CPU.ActiveCfg = Release|x64
		{CEBDE98B-A6AA-46E6-BC79-FAAF823DB9EC}.ReleaseWithoutAsm|Any CPU.Build.0 = Release|x64
		{CEBDE98B-A6AA-46E6-BC79-FAAF823DB9EC}.ReleaseWithoutAsm|Itanium.ActiveCfg = Release|x64
		{CEBDE98B-A6AA-46E6-BC79-FAAF823DB9EC}.ReleaseWithoutAsm|Itanium.Build.0 = Release|x64
		{CEBDE98B-A6AA-46E6-BC79-FAAF823DB9EC}.ReleaseWithoutAsm|x64.ActiveCfg = Release|x64
		{CEBDE98B-A6AA-46E6-BC79-FAAF823DB9EC}.ReleaseWithoutAsm|x64.Build.0 = Release|x64
		{CEBDE98B-A6AA-46E6-BC79-FAAF823DB9EC}.ReleaseWithoutAsm|x86.ActiveCfg = Release|Win32
		{CEBDE98B-A6AA-46E6-BC79-FAAF823DB9EC}.ReleaseWithoutAsm|x86.Build.0 = Release|Win32
		{DB528B4F-776F-4C5F-91FD-C0D478FE3349}.Debug|Any CPU.ActiveCfg = Debug|Win32
		{DB528B4F-776F-4C5F-91FD-C0D478FE3349}.Debug|Itanium.ActiveCfg = Debug|Win32
		{DB528B4F-776F-4C5F-91FD-C0D478FE3349}.Debug|x64.ActiveCfg = Debug|x64
		{DB528B4F-776F-4C5F-91FD-C0D478FE3349}.Debug|x64.Build.0 = Debug|x64
		{DB528B4F-776F-4C5F-91FD-C0D478FE3349}.Debug|x86.ActiveCfg = Debug|Win32
		{DB528B4F-776F-4C5F-91FD-C0D478FE3349}.Debug|x86.Build.0 = Debug|Win32
		{DB528B4F-776F-4C5F-91FD-C0D478FE3349}.Debug|x86.Deploy.0 = Debug|Win32
		{DB528B4F-776F-4C5F-91FD-C0D478FE3349}.Release|Any CPU.ActiveCfg = Release|Win32
		{DB528B4F-776F-4C5F-91FD-C0D478FE3349}.Release|Itanium.ActiveCfg = Release|Win32
		{DB528B4F-776F-4C5F-91FD-C0D478FE3349}.Release|x64.ActiveCfg = Release|x64
		{DB528B4F-776F-4C5F-91FD-C0D478FE3349}.Release|x64.Build.0 = Release|x64
		{DB528B4F-776F-4C5F-91FD-C0D478FE3349}.Release|x86.ActiveCfg = Release|Win32
		{DB528B4F-776F-4C5F-91FD-C0D478FE3349}.Release|x86.Build.0 = Release|Win32
		{DB528B4F-776F-4C5F-91FD-C0D478FE3349}.ReleaseWithoutAsm|Any CPU.ActiveCfg = Release|x64
		{DB528B4F-776F-4C5F-91FD-C0D478FE3349}.ReleaseWithoutAsm|Any CPU.Build.0 = Release|x64
		{DB528B4F-776F-4C5F-91FD-C0D478FE3349}.ReleaseWithoutAsm|Any CPU.Deploy.0 = Release|x64
		{DB528B4F-776F-4C5F-91FD-C0D478FE3349}.ReleaseWithoutAsm|Itanium.ActiveCfg = Release|x64
		{DB528B4F-776F-4C5F-91FD-C0D478FE3349}.ReleaseWithoutAsm|Itanium.Build.0 = Release|x64
		{DB528B4F-776F-4C5F-91FD-C0D478FE3349}.ReleaseWithoutAsm|x64.ActiveCfg = Release|x64
		{DB528B4F-776F-4C5F-91FD-C0D478FE3349}.ReleaseWithoutAsm|x64.Build.0 = Release|x64
		{DB528B4F-776F-4C5F-91FD-C0D478FE3349}.ReleaseWithoutAsm|x86.ActiveCfg = Release|Win32
		{DB528B4F-776F-4C5F-91FD-C0D478FE3349}.ReleaseWithoutAsm|x86.Build.0 = Release|Win32
		{527DDA59-DBAA-4BBE-825A-1F3D5DD3FD92}.Debug|Any CPU.ActiveCfg = Debug|Win32
		{527DDA59-DBAA-4BBE-825A-1F3D5DD3FD92}.Debug|Itanium.ActiveCfg = Debug|Win32
		{527DDA59-DBAA-4BBE-825A-1F3D5DD3FD92}.Debug|x64.ActiveCfg = Debug|x64
		{527DDA59-DBAA-4BBE-825A-1F3D5DD3FD92}.Debug|x64.Build.0 = Debug|x64
		{527DDA59-DBAA-4BBE-825A-1F3D5DD3FD92}.Debug|x86.ActiveCfg = Debug|Win32
		{527DDA59-DBAA-4BBE-825A-1F3D5DD3FD92}.Debug|x86.Build.0 = Debug|Win32
		{527DDA59-DBAA-4BBE-825A-1F3D5DD3FD92}.Debug|x86.Deploy.0 = Debug|Win32
		{527DDA59-DBAA-4BBE-825A-1F3D5DD3FD92}.Release|Any CPU.ActiveCfg = Release|Win32
		{527DDA59-DBAA-4BBE-825A-1F3D5DD3FD92}.Release|Itanium.ActiveCfg = Release|Win32
		{527DDA59-DBAA-4BBE-825A-1F3D5DD3FD92}.Release|x64.ActiveCfg = Release|x64
		{527DDA59-DBAA-4BBE-825A-1F3D5DD3FD92}.Release|x64.Build.0 = Release|x64
		{527DDA59-DBAA-4BBE-825A-1F3D5DD3FD92}.Release|x86.ActiveCfg = Release|Win32
		{527DDA59-DBAA-4BBE-825A-1F3D5DD3FD92}.Release|x86.Build.0 = Release|Win32
		{527DDA59-DBAA-4BBE-825A-1F3D5DD3FD92}.ReleaseWithoutAsm|Any CPU.ActiveCfg = Release|x64
		{527DDA59-DBAA-4BBE-825A-1F3D5DD3FD92}.ReleaseWithoutAsm|Any CPU.Build.0 = Release|x64
		{527DDA59-DBAA-4BBE-825A-1F3D5DD3FD92}.ReleaseWithoutAsm|Any CPU.Deploy.0 = Release|x64
		{527DDA59-DBAA-4BBE-825A-1F3D5DD3FD92}.ReleaseWithoutAsm|Itanium.ActiveCfg = Release|x64
		{527DDA59-DBAA-4BBE-825A-1F3D5DD3FD92}.ReleaseWithoutAsm|Itanium.Build.0 = Release|x64
		{527DDA59-DBAA-4BBE-825A-1F3D5DD3FD92}.ReleaseWithoutAsm|x64.ActiveCfg = Release|x64
		{527DDA59-DBAA-4BBE-825A-1F3D5DD3FD92}.ReleaseWithoutAsm|x64.Build.0 = Release|x64
		{527DDA59-DBAA-4BBE-825A-1F3D5DD3FD92}.ReleaseWithoutAsm|x86.ActiveCfg = Release|Win32
		{527DDA59-DBAA-4BBE-825A-1F3D5DD3FD92}.ReleaseWithoutAsm|x86.Build.0 = Release|Win32
	EndGlobalSection
	GlobalSection(SolutionProperties) = preSolution
		HideSolutionNode = FALSE
	EndGlobalSection
	GlobalSection(ExtensibilityGlobals) = postSolution
		SolutionGuid = {9C79780A-E5F8-4E87-99DF-C58913F91608}
	EndGlobalSection
EndGlobal
